
Microsoft Visual Studio Solution File, Format Version 12.00
# Visual Studio Version 17
VisualStudioVersion = 17.14.36301.6
MinimumVisualStudioVersion = 10.0.40219.1
Project("{FAE04EC0-301F-11D3-BF4B-00C04F79EFBC}") = "WebApplication1", "WebApplication1\WebApplication1.csproj", "{0E8B4DF3-5FD2-419F-96A6-4FDDDDFC3AB6}"
EndProject
Project("{FAE04EC0-301F-11D3-BF4B-00C04F79EFBC}") = "WebApplication1.Data", "WebApplication1.Data\WebApplication1.Data.csproj", "{01D952B3-F99E-2AB1-81B3-32E32E1567D1}"
EndProject
Project("{FAE04EC0-301F-11D3-BF4B-00C04F79EFBC}") = "WebApplication1.Data.Tests", "WebApplication1.Data.Tests\WebApplication1.Data.Tests.csproj", "{39ECB667-D296-F6E0-C835-284880B4FDAC}"
EndProject
Global
	GlobalSection(SolutionConfigurationPlatforms) = preSolution
		Debug|Any CPU = Debug|Any CPU
		Release|Any CPU = Release|Any CPU
	EndGlobalSection
	GlobalSection(ProjectConfigurationPlatforms) = postSolution
		{0E8B4DF3-5FD2-419F-96A6-4FDDDDFC3AB6}.Debug|Any CPU.ActiveCfg = Debug|Any CPU
		{0E8B4DF3-5FD2-419F-96A6-4FDDDDFC3AB6}.Debug|Any CPU.Build.0 = Debug|Any CPU
		{0E8B4DF3-5FD2-419F-96A6-4FDDDDFC3AB6}.Release|Any CPU.ActiveCfg = Release|Any CPU
		{0E8B4DF3-5FD2-419F-96A6-4FDDDDFC3AB6}.Release|Any CPU.Build.0 = Release|Any CPU
		{01D952B3-F99E-2AB1-81B3-32E32E1567D1}.Debug|Any CPU.ActiveCfg = Debug|Any CPU
		{01D952B3-F99E-2AB1-81B3-32E32E1567D1}.Debug|Any CPU.Build.0 = Debug|Any CPU
		{01D952B3-F99E-2AB1-81B3-32E32E1567D1}.Release|Any CPU.ActiveCfg = Release|Any CPU
		{01D952B3-F99E-2AB1-81B3-32E32E1567D1}.Release|Any CPU.Build.0 = Release|Any CPU
		{39ECB667-D296-F6E0-C835-284880B4FDAC}.Debug|Any CPU.ActiveCfg = Debug|Any CPU
		{39ECB667-D296-F6E0-C835-284880B4FDAC}.Debug|Any CPU.Build.0 = Debug|Any CPU
		{39ECB667-D296-F6E0-C835-284880B4FDAC}.Release|Any CPU.ActiveCfg = Release|Any CPU
		{39ECB667-D296-F6E0-C835-284880B4FDAC}.Release|Any CPU.Build.0 = Release|Any CPU
	EndGlobalSection
	GlobalSection(SolutionProperties) = preSolution
		HideSolutionNode = FALSE
	EndGlobalSection
	GlobalSection(ExtensibilityGlobals) = postSolution
		SolutionGuid = {3F2FEF9A-55AB-4B00-8C89-5781CB70B32E}
	EndGlobalSection
EndGlobal
